{
  "name": "gladys-matter",
  "lockfileVersion": 3,
  "requires": true,
  "packages": {
    "": {
      "name": "gladys-matter",
      "cpu": [
        "x64",
        "arm",
        "arm64"
      ],
      "os": [
        "darwin",
        "linux",
        "win32"
      ],
      "dependencies": {
        "@matter/main": "^0.17.6",
        "@project-chip/matter.js": "^0.17.6",
        "bluebird": "^3.7.2",
        "fs-extra": "^11.3.0"
      }
    },
    "node_modules/@matter/general": {
      "version": "0.17.6",
      "resolved": "https://registry.npmjs.org/@matter/general/-/general-0.17.6.tgz",
      "integrity": "sha512-PiSly47lwR+31sMWZTxT9eVgibfC2PB3FflTwxhVDzektrNNYT4wh9+5abTNhQmszs/VnXixbyo64HSz+LQS8g==",
      "license": "Apache-2.0",
      "dependencies": {
        "@noble/curves": "^2.2.0"
      }
    },
    "node_modules/@matter/main": {
      "version": "0.17.6",
      "resolved": "https://registry.npmjs.org/@matter/main/-/main-0.17.6.tgz",
      "integrity": "sha512-RBXVLxJGEd3IUZ63QrHPUpb7o1amErvs2MoK3bJpnUXYNqXAuN2IHLTYZ04j4yrdMHJlyGSDxdIYr5rN6zXqSA==",
      "license": "Apache-2.0",
      "dependencies": {
        "@matter/general": "0.17.6",
        "@matter/model": "0.17.6",
        "@matter/node": "0.17.6",
        "@matter/protocol": "0.17.6",
        "@matter/types": "0.17.6"
      },
      "optionalDependencies": {
        "@matter/nodejs": "0.17.6"
      }
    },
    "node_modules/@matter/model": {
      "version": "0.17.6",
      "resolved": "https://registry.npmjs.org/@matter/model/-/model-0.17.6.tgz",
      "integrity": "sha512-ECf6r0zTq6FS6IA4ov8qtSu36iyO1oxEJT06RFYX/SVDOyfhgzRjQDSIsVtW4UwTMht8kSVnDJE9EAO0qY37YA==",
      "license": "Apache-2.0",
      "dependencies": {
        "@matter/general": "0.17.6"
      }
    },
    "node_modules/@matter/node": {
      "version": "0.17.6",
      "resolved": "https://registry.npmjs.org/@matter/node/-/node-0.17.6.tgz",
      "integrity": "sha512-qtkh3/hz+73Wh7kY+Jz9HogrnpqjIMreYaY//VEMb9Jl/tY1A+3RFa7PDIY51LK2m+gWy3boXu/3kdYEvn00ig==",
      "license": "Apache-2.0",
      "dependencies": {
        "@matter/general": "0.17.6",
        "@matter/model": "0.17.6",
        "@matter/protocol": "0.17.6",
        "@matter/types": "0.17.6"
      }
    },
    "node_modules/@matter/nodejs": {
      "version": "0.17.6",
      "resolved": "https://registry.npmjs.org/@matter/nodejs/-/nodejs-0.17.6.tgz",
      "integrity": "sha512-tvn2wLMgjd1YVKr/kAkKq50WU+8mUeoDVCPIyO6aXJMsy0GTOc8/vC3Lu3ZIUD1IwMiOgn67xnqBVozpp+ZjTw==",
      "license": "Apache-2.0",
      "optional": true,
      "dependencies": {
        "@matter/general": "0.17.6",
        "@matter/node": "0.17.6",
        "@matter/protocol": "0.17.6",
        "@matter/types": "0.17.6"
      },
      "engines": {
        "node": ">=20.19.0 <22.0.0 || >=22.13.0"
      }
    },
    "node_modules/@matter/protocol": {
      "version": "0.17.6",
      "resolved": "https://registry.npmjs.org/@matter/protocol/-/protocol-0.17.6.tgz",
      "integrity": "sha512-p3oc8v2RKKbV4RkkjKemDpzheNHFMQJnbxpij2yKpxsXYIXpYnwtexnvLxDpZCJPsd9Jv3igSxxURBEUexHmBA==",
      "license": "Apache-2.0",
      "dependencies": {
        "@matter/general": "0.17.6",
        "@matter/model": "0.17.6",
        "@matter/types": "0.17.6"
      }
    },
    "node_modules/@matter/types": {
      "version": "0.17.6",
      "resolved": "https://registry.npmjs.org/@matter/types/-/types-0.17.6.tgz",
      "integrity": "sha512-zYCWx+om6hQR6s6CHniWJMaOsqzTNDKcxUoU0QI8ZgF39SCtIeIb+qOzNigoAtKKZzhVdo9B5IsbEbYY4PhO3g==",
      "license": "Apache-2.0",
      "dependencies": {
        "@matter/general": "0.17.6",
        "@matter/model": "0.17.6"
      }
    },
    "node_modules/@noble/curves": {
      "version": "2.2.0",
      "resolved": "https://registry.npmjs.org/@noble/curves/-/curves-2.2.0.tgz",
      "integrity": "sha512-T/BoHgFXirb0ENSPBquzX0rcjXeM6Lo892a2jlYJkqk83LqZx0l1Of7DzlKJ6jkpvMrkHSnAcgb5JegL8SeIkQ==",
      "license": "MIT",
      "dependencies": {
        "@noble/hashes": "2.2.0"
      },
      "engines": {
        "node": ">= 20.19.0"
      },
      "funding": {
        "url": "https://paulmillr.com/funding/"
      }
    },
    "node_modules/@noble/hashes": {
      "version": "2.2.0",
      "resolved": "https://registry.npmjs.org/@noble/hashes/-/hashes-2.2.0.tgz",
      "integrity": "sha512-IYqDGiTXab6FniAgnSdZwgWbomxpy9FtYvLKs7wCUs2a8RkITG+DFGO1DM9cr+E3/RgADRpFjrKVaJ1z6sjtEg==",
      "license": "MIT",
      "engines": {
        "node": ">= 20.19.0"
      },
      "funding": {
        "url": "https://paulmillr.com/funding/"
      }
    },
    "node_modules/@project-chip/matter.js": {
      "version": "0.17.6",
      "resolved": "https://registry.npmjs.org/@project-chip/matter.js/-/matter.js-0.17.6.tgz",
      "integrity": "sha512-E/FvTvY3G8cPTbpMJDgYdUY8oUHkWN47dXJ6aRjmiDrLFToRb40rrW53p0g6wOOvMnWE9nhVLbJxbE9kOpJIyg==",
      "license": "Apache-2.0",
      "dependencies": {
        "@matter/general": "0.17.6",
        "@matter/model": "0.17.6",
        "@matter/node": "0.17.6",
        "@matter/protocol": "0.17.6",
        "@matter/types": "0.17.6"
      }
    },
    "node_modules/bluebird": {
      "version": "3.7.2",
      "resolved": "https://registry.npmjs.org/bluebird/-/bluebird-3.7.2.tgz",
      "integrity": "sha512-XpNj6GDQzdfW+r2Wnn7xiSAd7TM3jzkxGXBGTtWKuSXv1xUV+azxAm8jdWZN06QTQk+2N2XB9jRDkvbmQmcRtg==",
      "license": "MIT"
    },
    "node_modules/fs-extra": {
      "version": "11.3.0",
      "resolved": "https://registry.npmjs.org/fs-extra/-/fs-extra-11.3.0.tgz",
      "integrity": "sha512-Z4XaCL6dUDHfP/jT25jJKMmtxvuwbkrD1vNSMFlo9lNLY2c5FHYSQgHPRZUjAB26TpDEoW9HCOgplrdbaPV/ew==",
      "license": "MIT",
      "dependencies": {
        "graceful-fs": "^4.2.0",
        "jsonfile": "^6.0.1",
        "universalify": "^2.0.0"
      },
      "engines": {
        "node": ">=14.14"
      }
    },
    "node_modules/graceful-fs": {
      "version": "4.2.11",
      "resolved": "https://registry.npmjs.org/graceful-fs/-/graceful-fs-4.2.11.tgz",
      "integrity": "sha512-RbJ5/jmFcNNCcDV5o9eTnBLJ/HszWV0P73bc+Ff4nS/rJj+YaS6IGyiOL0VoBYX+l1Wrl3k63h/KrH+nhJ0XvQ==",
      "license": "ISC"
    },
    "node_modules/jsonfile": {
      "version": "6.1.0",
      "resolved": "https://registry.npmjs.org/jsonfile/-/jsonfile-6.1.0.tgz",
      "integrity": "sha512-5dgndWOriYSm5cnYaJNhalLNDKOqFwyDB/rr1E9ZsGciGvKPs8R2xYGCacuf3z6K1YKDz182fd+fY3cn3pMqXQ==",
      "license": "MIT",
      "dependencies": {
        "universalify": "^2.0.0"
      },
      "optionalDependencies": {
        "graceful-fs": "^4.1.6"
      }
    },
    "node_modules/universalify": {
      "version": "2.0.1",
      "resolved": "https://registry.npmjs.org/universalify/-/universalify-2.0.1.tgz",
      "integrity": "sha512-gptHNQghINnc/vTGIk0SOFGFNXw7JVrlRUtConJRlvaw6DuX0wO5Jeko9sWrMBhh+PsYAZ7oXAiOnf/UKogyiw==",
      "license": "MIT",
      "engines": {
        "node": ">= 10.0.0"
      }
    }
  }
}
