{
  "name": "gladys-matter",
  "lockfileVersion": 3,
  "requires": true,
  "packages": {
    "": {
      "name": "gladys-matter",
      "cpu": [
        "x64",
        "arm",
        "arm64"
      ],
      "os": [
        "darwin",
        "linux",
        "win32"
      ],
      "dependencies": {
        "@matter/main": "^0.17.4",
        "@project-chip/matter.js": "^0.17.4",
        "bluebird": "^3.7.2",
        "fs-extra": "^11.3.0"
      }
    },
    "node_modules/@matter/general": {
      "version": "0.17.4",
      "resolved": "https://registry.npmjs.org/@matter/general/-/general-0.17.4.tgz",
      "integrity": "sha512-b1Q/Xdf1JHlcUFdaXU8uAaLeMSINMS0kKl/ElaDcE127Ax+3/UbZRtsLDclQopbpXtArXs73XBfdGFCA42gU8Q==",
      "license": "Apache-2.0",
      "dependencies": {
        "@noble/curves": "^2.2.0"
      }
    },
    "node_modules/@matter/main": {
      "version": "0.17.4",
      "resolved": "https://registry.npmjs.org/@matter/main/-/main-0.17.4.tgz",
      "integrity": "sha512-wQu1CRxtyOaX+dEbCfRgbnNx6RfuPRQOPXKrKpuxebMh/W4xxCGCyUj0Fkb6QkO3wvjgaSnXeKx1PT2/n7wXFA==",
      "license": "Apache-2.0",
      "dependencies": {
        "@matter/general": "0.17.4",
        "@matter/model": "0.17.4",
        "@matter/node": "0.17.4",
        "@matter/protocol": "0.17.4",
        "@matter/types": "0.17.4"
      },
      "optionalDependencies": {
        "@matter/nodejs": "0.17.4"
      }
    },
    "node_modules/@matter/model": {
      "version": "0.17.4",
      "resolved": "https://registry.npmjs.org/@matter/model/-/model-0.17.4.tgz",
      "integrity": "sha512-q5Elw1ad5QykwkIVs9WhUkZQ1yMrHyRjnlKk+g2gO9aAtV9IoS1v+a6JA/dQbsDUiXnbdczU//jhGrOy/vkL6g==",
      "license": "Apache-2.0",
      "dependencies": {
        "@matter/general": "0.17.4"
      }
    },
    "node_modules/@matter/node": {
      "version": "0.17.4",
      "resolved": "https://registry.npmjs.org/@matter/node/-/node-0.17.4.tgz",
      "integrity": "sha512-sQZfPrVC9mxrWHuUjJDhDR2MGMQJFyiRMfZiCZx2kHrbRi404D2Cod5U+ay3hH1zzPxai/PkooA4/wvKR+S4yQ==",
      "license": "Apache-2.0",
      "dependencies": {
        "@matter/general": "0.17.4",
        "@matter/model": "0.17.4",
        "@matter/protocol": "0.17.4",
        "@matter/types": "0.17.4"
      }
    },
    "node_modules/@matter/nodejs": {
      "version": "0.17.4",
      "resolved": "https://registry.npmjs.org/@matter/nodejs/-/nodejs-0.17.4.tgz",
      "integrity": "sha512-c6uiT6yT5qPLhbDpVVo1Z5Q6jZCODB9sUviphwoI+dKcNMIwwjBVA/jRfggnTlR9A0cxiQuhVBQydzlAtCbI7w==",
      "license": "Apache-2.0",
      "optional": true,
      "dependencies": {
        "@matter/general": "0.17.4",
        "@matter/node": "0.17.4",
        "@matter/protocol": "0.17.4",
        "@matter/types": "0.17.4"
      },
      "engines": {
        "node": ">=20.19.0 <22.0.0 || >=22.13.0"
      }
    },
    "node_modules/@matter/protocol": {
      "version": "0.17.4",
      "resolved": "https://registry.npmjs.org/@matter/protocol/-/protocol-0.17.4.tgz",
      "integrity": "sha512-wyju0Km43PVWITr//aHyD4cKDVFVlIrx0x85fRyHn1F8Ab2RY5/IHXIxutcXYl6Jtm22AVeXdeYZUtE6HmWjzQ==",
      "license": "Apache-2.0",
      "dependencies": {
        "@matter/general": "0.17.4",
        "@matter/model": "0.17.4",
        "@matter/types": "0.17.4"
      }
    },
    "node_modules/@matter/types": {
      "version": "0.17.4",
      "resolved": "https://registry.npmjs.org/@matter/types/-/types-0.17.4.tgz",
      "integrity": "sha512-nHiBrV6xoPMDPkuzL3+SQk90/2d4xbBgqwnxYQFqcvVrgITSwpGWzSGRC917BsuZE7koUNyD7T0Wlbt+GAlfkw==",
      "license": "Apache-2.0",
      "dependencies": {
        "@matter/general": "0.17.4",
        "@matter/model": "0.17.4"
      }
    },
    "node_modules/@noble/curves": {
      "version": "2.2.0",
      "resolved": "https://registry.npmjs.org/@noble/curves/-/curves-2.2.0.tgz",
      "integrity": "sha512-T/BoHgFXirb0ENSPBquzX0rcjXeM6Lo892a2jlYJkqk83LqZx0l1Of7DzlKJ6jkpvMrkHSnAcgb5JegL8SeIkQ==",
      "license": "MIT",
      "dependencies": {
        "@noble/hashes": "2.2.0"
      },
      "engines": {
        "node": ">= 20.19.0"
      },
      "funding": {
        "url": "https://paulmillr.com/funding/"
      }
    },
    "node_modules/@noble/hashes": {
      "version": "2.2.0",
      "resolved": "https://registry.npmjs.org/@noble/hashes/-/hashes-2.2.0.tgz",
      "integrity": "sha512-IYqDGiTXab6FniAgnSdZwgWbomxpy9FtYvLKs7wCUs2a8RkITG+DFGO1DM9cr+E3/RgADRpFjrKVaJ1z6sjtEg==",
      "license": "MIT",
      "engines": {
        "node": ">= 20.19.0"
      },
      "funding": {
        "url": "https://paulmillr.com/funding/"
      }
    },
    "node_modules/@project-chip/matter.js": {
      "version": "0.17.4",
      "resolved": "https://registry.npmjs.org/@project-chip/matter.js/-/matter.js-0.17.4.tgz",
      "integrity": "sha512-q29M1tYKw0YRrKCDFWZjsUCZkhvDiH7rrcszYDb0mR7MLBEtMUDm7TxrAE6ISy+VDIL91FJBH3cPpiW1TusSqQ==",
      "license": "Apache-2.0",
      "dependencies": {
        "@matter/general": "0.17.4",
        "@matter/model": "0.17.4",
        "@matter/node": "0.17.4",
        "@matter/protocol": "0.17.4",
        "@matter/types": "0.17.4"
      }
    },
    "node_modules/bluebird": {
      "version": "3.7.2",
      "resolved": "https://registry.npmjs.org/bluebird/-/bluebird-3.7.2.tgz",
      "integrity": "sha512-XpNj6GDQzdfW+r2Wnn7xiSAd7TM3jzkxGXBGTtWKuSXv1xUV+azxAm8jdWZN06QTQk+2N2XB9jRDkvbmQmcRtg==",
      "license": "MIT"
    },
    "node_modules/fs-extra": {
      "version": "11.3.0",
      "resolved": "https://registry.npmjs.org/fs-extra/-/fs-extra-11.3.0.tgz",
      "integrity": "sha512-Z4XaCL6dUDHfP/jT25jJKMmtxvuwbkrD1vNSMFlo9lNLY2c5FHYSQgHPRZUjAB26TpDEoW9HCOgplrdbaPV/ew==",
      "license": "MIT",
      "dependencies": {
        "graceful-fs": "^4.2.0",
        "jsonfile": "^6.0.1",
        "universalify": "^2.0.0"
      },
      "engines": {
        "node": ">=14.14"
      }
    },
    "node_modules/graceful-fs": {
      "version": "4.2.11",
      "resolved": "https://registry.npmjs.org/graceful-fs/-/graceful-fs-4.2.11.tgz",
      "integrity": "sha512-RbJ5/jmFcNNCcDV5o9eTnBLJ/HszWV0P73bc+Ff4nS/rJj+YaS6IGyiOL0VoBYX+l1Wrl3k63h/KrH+nhJ0XvQ==",
      "license": "ISC"
    },
    "node_modules/jsonfile": {
      "version": "6.1.0",
      "resolved": "https://registry.npmjs.org/jsonfile/-/jsonfile-6.1.0.tgz",
      "integrity": "sha512-5dgndWOriYSm5cnYaJNhalLNDKOqFwyDB/rr1E9ZsGciGvKPs8R2xYGCacuf3z6K1YKDz182fd+fY3cn3pMqXQ==",
      "license": "MIT",
      "dependencies": {
        "universalify": "^2.0.0"
      },
      "optionalDependencies": {
        "graceful-fs": "^4.1.6"
      }
    },
    "node_modules/universalify": {
      "version": "2.0.1",
      "resolved": "https://registry.npmjs.org/universalify/-/universalify-2.0.1.tgz",
      "integrity": "sha512-gptHNQghINnc/vTGIk0SOFGFNXw7JVrlRUtConJRlvaw6DuX0wO5Jeko9sWrMBhh+PsYAZ7oXAiOnf/UKogyiw==",
      "license": "MIT",
      "engines": {
        "node": ">= 10.0.0"
      }
    }
  }
}
