{
  "name": "gladys-matter",
  "lockfileVersion": 3,
  "requires": true,
  "packages": {
    "": {
      "name": "gladys-matter",
      "cpu": [
        "x64",
        "arm",
        "arm64"
      ],
      "os": [
        "darwin",
        "linux",
        "win32"
      ],
      "dependencies": {
        "@matter/main": "^0.17.3",
        "@project-chip/matter.js": "^0.17.3",
        "bluebird": "^3.7.2",
        "fs-extra": "^11.3.0"
      }
    },
    "node_modules/@matter/general": {
      "version": "0.17.3",
      "resolved": "https://registry.npmjs.org/@matter/general/-/general-0.17.3.tgz",
      "integrity": "sha512-5DRM/sA+4gQj/p0cBOBPSXcLjCQ3Qix9rCE23sGGonVWY4PMi+SWzZHvQVe5mYvCl+HU3pL+aJq8HalyOqjEGQ==",
      "license": "Apache-2.0",
      "dependencies": {
        "@noble/curves": "^2.2.0"
      }
    },
    "node_modules/@matter/main": {
      "version": "0.17.3",
      "resolved": "https://registry.npmjs.org/@matter/main/-/main-0.17.3.tgz",
      "integrity": "sha512-0JE1qtN7ne0P3rCCSWP2pFONFRlOpZvV+BmTyl4YFJtWapIcTUzak9gZ4/WJ0VAUQX4GtbnIAinwyLoysWewIA==",
      "license": "Apache-2.0",
      "dependencies": {
        "@matter/general": "0.17.3",
        "@matter/model": "0.17.3",
        "@matter/node": "0.17.3",
        "@matter/protocol": "0.17.3",
        "@matter/types": "0.17.3"
      },
      "optionalDependencies": {
        "@matter/nodejs": "0.17.3"
      }
    },
    "node_modules/@matter/model": {
      "version": "0.17.3",
      "resolved": "https://registry.npmjs.org/@matter/model/-/model-0.17.3.tgz",
      "integrity": "sha512-WfUCmoy71BAOumExCxpgQp2OjfzSEcQtUkft1WkVF1yOToju/0CAhMg0hoqB+XPoEDEwmARgi/AIhgoiJOhGng==",
      "license": "Apache-2.0",
      "dependencies": {
        "@matter/general": "0.17.3"
      }
    },
    "node_modules/@matter/node": {
      "version": "0.17.3",
      "resolved": "https://registry.npmjs.org/@matter/node/-/node-0.17.3.tgz",
      "integrity": "sha512-d6SGETjsE/z9NGPove39eu6WI6qA4svp1IQ/W45+iCWhKidaMu58DX7EZpNCOjWsTfXdjgQA8WnD9K1Ujbuzfg==",
      "license": "Apache-2.0",
      "dependencies": {
        "@matter/general": "0.17.3",
        "@matter/model": "0.17.3",
        "@matter/protocol": "0.17.3",
        "@matter/types": "0.17.3"
      }
    },
    "node_modules/@matter/nodejs": {
      "version": "0.17.3",
      "resolved": "https://registry.npmjs.org/@matter/nodejs/-/nodejs-0.17.3.tgz",
      "integrity": "sha512-lrhK12Uk5W7WmboF6JE9UV68sj0E2hiYJvpIuZTCnKFmvHs0AwF080eZAIOXcIfsf3Gg6rHHzq5FpR7Zvqiflg==",
      "license": "Apache-2.0",
      "optional": true,
      "dependencies": {
        "@matter/general": "0.17.3",
        "@matter/node": "0.17.3",
        "@matter/protocol": "0.17.3",
        "@matter/types": "0.17.3"
      },
      "engines": {
        "node": ">=20.19.0 <22.0.0 || >=22.13.0"
      }
    },
    "node_modules/@matter/protocol": {
      "version": "0.17.3",
      "resolved": "https://registry.npmjs.org/@matter/protocol/-/protocol-0.17.3.tgz",
      "integrity": "sha512-Sf8O2IUhqzKqKR4ssY8epF+aSCrszUiTBkSJ5u/fYDaoADjxIPHFOKXdYcjKrfuydyxhzYDK6eh3XPzyXrir3w==",
      "license": "Apache-2.0",
      "dependencies": {
        "@matter/general": "0.17.3",
        "@matter/model": "0.17.3",
        "@matter/types": "0.17.3"
      }
    },
    "node_modules/@matter/types": {
      "version": "0.17.3",
      "resolved": "https://registry.npmjs.org/@matter/types/-/types-0.17.3.tgz",
      "integrity": "sha512-7I49NkCAnsytxoFm6mwgpBTgwnODPxpJBkWQfzrWRRW6KBY0syJj+LkI7CIPK37VCc7AAzGrWIRHN7wylKaPeg==",
      "license": "Apache-2.0",
      "dependencies": {
        "@matter/general": "0.17.3",
        "@matter/model": "0.17.3"
      }
    },
    "node_modules/@noble/curves": {
      "version": "2.2.0",
      "resolved": "https://registry.npmjs.org/@noble/curves/-/curves-2.2.0.tgz",
      "integrity": "sha512-T/BoHgFXirb0ENSPBquzX0rcjXeM6Lo892a2jlYJkqk83LqZx0l1Of7DzlKJ6jkpvMrkHSnAcgb5JegL8SeIkQ==",
      "license": "MIT",
      "dependencies": {
        "@noble/hashes": "2.2.0"
      },
      "engines": {
        "node": ">= 20.19.0"
      },
      "funding": {
        "url": "https://paulmillr.com/funding/"
      }
    },
    "node_modules/@noble/hashes": {
      "version": "2.2.0",
      "resolved": "https://registry.npmjs.org/@noble/hashes/-/hashes-2.2.0.tgz",
      "integrity": "sha512-IYqDGiTXab6FniAgnSdZwgWbomxpy9FtYvLKs7wCUs2a8RkITG+DFGO1DM9cr+E3/RgADRpFjrKVaJ1z6sjtEg==",
      "license": "MIT",
      "engines": {
        "node": ">= 20.19.0"
      },
      "funding": {
        "url": "https://paulmillr.com/funding/"
      }
    },
    "node_modules/@project-chip/matter.js": {
      "version": "0.17.3",
      "resolved": "https://registry.npmjs.org/@project-chip/matter.js/-/matter.js-0.17.3.tgz",
      "integrity": "sha512-c86SzGDgApXECWNw+//NrpXinDHgKvpfAXn5BCP1Ot3eCrQV8eB/PeEeV1Om8uZWEXonxAf2y/fQ1pHUjrA9Hw==",
      "license": "Apache-2.0",
      "dependencies": {
        "@matter/general": "0.17.3",
        "@matter/model": "0.17.3",
        "@matter/node": "0.17.3",
        "@matter/protocol": "0.17.3",
        "@matter/types": "0.17.3"
      }
    },
    "node_modules/bluebird": {
      "version": "3.7.2",
      "resolved": "https://registry.npmjs.org/bluebird/-/bluebird-3.7.2.tgz",
      "integrity": "sha512-XpNj6GDQzdfW+r2Wnn7xiSAd7TM3jzkxGXBGTtWKuSXv1xUV+azxAm8jdWZN06QTQk+2N2XB9jRDkvbmQmcRtg==",
      "license": "MIT"
    },
    "node_modules/fs-extra": {
      "version": "11.3.0",
      "resolved": "https://registry.npmjs.org/fs-extra/-/fs-extra-11.3.0.tgz",
      "integrity": "sha512-Z4XaCL6dUDHfP/jT25jJKMmtxvuwbkrD1vNSMFlo9lNLY2c5FHYSQgHPRZUjAB26TpDEoW9HCOgplrdbaPV/ew==",
      "license": "MIT",
      "dependencies": {
        "graceful-fs": "^4.2.0",
        "jsonfile": "^6.0.1",
        "universalify": "^2.0.0"
      },
      "engines": {
        "node": ">=14.14"
      }
    },
    "node_modules/graceful-fs": {
      "version": "4.2.11",
      "resolved": "https://registry.npmjs.org/graceful-fs/-/graceful-fs-4.2.11.tgz",
      "integrity": "sha512-RbJ5/jmFcNNCcDV5o9eTnBLJ/HszWV0P73bc+Ff4nS/rJj+YaS6IGyiOL0VoBYX+l1Wrl3k63h/KrH+nhJ0XvQ==",
      "license": "ISC"
    },
    "node_modules/jsonfile": {
      "version": "6.1.0",
      "resolved": "https://registry.npmjs.org/jsonfile/-/jsonfile-6.1.0.tgz",
      "integrity": "sha512-5dgndWOriYSm5cnYaJNhalLNDKOqFwyDB/rr1E9ZsGciGvKPs8R2xYGCacuf3z6K1YKDz182fd+fY3cn3pMqXQ==",
      "license": "MIT",
      "dependencies": {
        "universalify": "^2.0.0"
      },
      "optionalDependencies": {
        "graceful-fs": "^4.1.6"
      }
    },
    "node_modules/universalify": {
      "version": "2.0.1",
      "resolved": "https://registry.npmjs.org/universalify/-/universalify-2.0.1.tgz",
      "integrity": "sha512-gptHNQghINnc/vTGIk0SOFGFNXw7JVrlRUtConJRlvaw6DuX0wO5Jeko9sWrMBhh+PsYAZ7oXAiOnf/UKogyiw==",
      "license": "MIT",
      "engines": {
        "node": ">= 10.0.0"
      }
    }
  }
}
