{
  "name": "gladys-ecowatt",
  "lockfileVersion": 2,
  "requires": true,
  "packages": {
    "": {
      "name": "gladys-ecowatt",
      "cpu": [
        "x64",
        "arm",
        "arm64"
      ],
      "os": [
        "darwin",
        "linux",
        "win32"
      ],
      "dependencies": {
        "dayjs": "^1.11.7"
      }
    },
    "node_modules/dayjs": {
      "version": "1.11.7",
      "resolved": "https://registry.npmjs.org/dayjs/-/dayjs-1.11.7.tgz",
      "integrity": "sha512-+Yw9U6YO5TQohxLcIkrXBeY73WP3ejHWVvx8XCk3gxvQDCTEmS48ZrSZCKciI7Bhl/uCMyxYtE9UqRILmFphkQ=="
    }
  },
  "dependencies": {
    "dayjs": {
      "version": "1.11.7",
      "resolved": "https://registry.npmjs.org/dayjs/-/dayjs-1.11.7.tgz",
      "integrity": "sha512-+Yw9U6YO5TQohxLcIkrXBeY73WP3ejHWVvx8XCk3gxvQDCTEmS48ZrSZCKciI7Bhl/uCMyxYtE9UqRILmFphkQ=="
    }
  }
}
