{
  "name": "gladys-magic-devices",
  "requires": true,
  "lockfileVersion": 1,
  "dependencies": {
    "commander": {
      "version": "2.20.3",
      "resolved": "https://registry.npmjs.org/commander/-/commander-2.20.3.tgz",
      "integrity": "sha512-GpVkmM8vF2vQUkj2LvZmD35JxeJOLCwJ9cUkugyk2nuhbv3+mJvpLYYt+0+USMxE+oj+ey/lJEnhZw75x/OMcQ=="
    },
    "is-plain-obj": {
      "version": "1.1.0",
      "resolved": "https://registry.npmjs.org/is-plain-obj/-/is-plain-obj-1.1.0.tgz",
      "integrity": "sha1-caUMhCnfync8kqOQpKA7OfzVHT4="
    },
    "magic-home": {
      "version": "2.3.1",
      "resolved": "https://registry.npmjs.org/magic-home/-/magic-home-2.3.1.tgz",
      "integrity": "sha512-x2oCB5GniAGL5sCQTnrmhEdD/pIbqItwNpiYhkgstuYVfJsugOErksqpfftuV/wceySb2L4KLWnhYBpHiTkRgA==",
      "requires": {
        "commander": "2.20.3",
        "merge-options": "1.0.1"
      }
    },
    "merge-options": {
      "version": "1.0.1",
      "resolved": "https://registry.npmjs.org/merge-options/-/merge-options-1.0.1.tgz",
      "integrity": "sha512-iuPV41VWKWBIOpBsjoxjDZw8/GbSfZ2mk7N1453bwMrfzdrIk7EzBd+8UVR6rkw67th7xnk9Dytl3J+lHPdxvg==",
      "requires": {
        "is-plain-obj": "1.1.0"
      }
    }
  }
}
