{
  "name": "gladys-zigbee2mqtt",
  "version": "1.0.0",
  "lockfileVersion": 1,
  "requires": true,
  "dependencies": {
    "balanced-match": {
      "version": "1.0.0",
      "resolved": "https://registry.npmjs.org/balanced-match/-/balanced-match-1.0.0.tgz",
      "integrity": "sha1-ibTRmasr7kneFk6gK4nORi1xt2c="
    },
    "base64-js": {
      "version": "1.5.1",
      "resolved": "https://registry.npmjs.org/base64-js/-/base64-js-1.5.1.tgz",
      "integrity": "sha512-AKpaYlHn8t4SVbOHCy+b5+KKgvR4vrsD8vbvrbiQJps7fKDTkjkDry6ji0rUJjC0kzbNePLwzxq8iypo41qeWA=="
    },
    "bl": {
      "version": "4.1.0",
      "resolved": "https://registry.npmjs.org/bl/-/bl-4.1.0.tgz",
      "integrity": "sha512-1W07cM9gS6DcLperZfFSj+bWLtaPGSOHWhPiGzXmvVJbRLdG82sH/Kn8EtW1VqWVA54AKf2h5k5BbnIbwF3h6w==",
      "requires": {
        "buffer": "^5.5.0",
        "inherits": "^2.0.4",
        "readable-stream": "^3.4.0"
      }
    },
    "brace-expansion": {
      "version": "1.1.11",
      "resolved": "https://registry.npmjs.org/brace-expansion/-/brace-expansion-1.1.11.tgz",
      "integrity": "sha512-iCuPHDFgrHX7H2vEI/5xpz07zSHB00TpugqhmYtVmMO6518mCuRMoOYFldEBl0g187ufozdaHgWKcYFb61qGiA==",
      "requires": {
        "balanced-match": "^1.0.0",
        "concat-map": "0.0.1"
      }
    },
    "buffer": {
      "version": "5.7.1",
      "resolved": "https://registry.npmjs.org/buffer/-/buffer-5.7.1.tgz",
      "integrity": "sha512-EHcyIPBQ4BSGlvjB16k5KgAJ27CIsHY/2JBmCRReo48y9rQ3MaUzWX3KVlBa4U7MyX02HdVj0K7C3WaB3ju7FQ==",
      "requires": {
        "base64-js": "^1.3.1",
        "ieee754": "^1.1.13"
      }
    },
    "buffer-from": {
      "version": "1.1.1",
      "resolved": "https://registry.npmjs.org/buffer-from/-/buffer-from-1.1.1.tgz",
      "integrity": "sha512-MQcXEUbCKtEo7bhqEs6560Hyd4XaovZlO/k9V3hjVUF/zwW7KBVdSK4gIt/bzwS9MbR5qob+F5jusZsb0YQK2A=="
    },
    "callback-stream": {
      "version": "1.1.0",
      "resolved": "https://registry.npmjs.org/callback-stream/-/callback-stream-1.1.0.tgz",
      "integrity": "sha1-RwGlEmbwbgbqpx/BcjOCLYdfSQg=",
      "requires": {
        "inherits": "^2.0.1",
        "readable-stream": "> 1.0.0 < 3.0.0"
      },
      "dependencies": {
        "readable-stream": {
          "version": "2.3.7",
          "resolved": "https://registry.npmjs.org/readable-stream/-/readable-stream-2.3.7.tgz",
          "integrity": "sha512-Ebho8K4jIbHAxnuxi7o42OrZgF/ZTNcsZj6nRKyUmkhLFq8CHItp/fy6hQZuZmP/n3yZ9VBUbp4zz/mX8hmYPw==",
          "requires": {
            "core-util-is": "~1.0.0",
            "inherits": "~2.0.3",
            "isarray": "~1.0.0",
            "process-nextick-args": "~2.0.0",
            "safe-buffer": "~5.1.1",
            "string_decoder": "~1.1.1",
            "util-deprecate": "~1.0.1"
          }
        },
        "safe-buffer": {
          "version": "5.1.2",
          "resolved": "https://registry.npmjs.org/safe-buffer/-/safe-buffer-5.1.2.tgz",
          "integrity": "sha512-Gd2UZBJDkXlY7GbJxfsE8/nvKkUEU1G38c1siN6QP6a9PT9MmHB8GnpscSmMJSoF8LOIrt8ud/wPtojys4G6+g=="
        },
        "string_decoder": {
          "version": "1.1.1",
          "resolved": "https://registry.npmjs.org/string_decoder/-/string_decoder-1.1.1.tgz",
          "integrity": "sha512-n/ShnvDi6FHbbVfviro+WojiFzv+s8MPMHBczVePfUpDJLwoLT0ht1l4YwBCbi8pJAveEEdnkHyPyTP/mzRfwg==",
          "requires": {
            "safe-buffer": "~5.1.0"
          }
        }
      }
    },
    "commist": {
      "version": "1.1.0",
      "resolved": "https://registry.npmjs.org/commist/-/commist-1.1.0.tgz",
      "integrity": "sha512-rraC8NXWOEjhADbZe9QBNzLAN5Q3fsTPQtBV+fEVj6xKIgDgNiEVE6ZNfHpZOqfQ21YUzfVNUXLOEZquYvQPPg==",
      "requires": {
        "leven": "^2.1.0",
        "minimist": "^1.1.0"
      }
    },
    "concat-map": {
      "version": "0.0.1",
      "resolved": "https://registry.npmjs.org/concat-map/-/concat-map-0.0.1.tgz",
      "integrity": "sha1-2Klr13/Wjfd5OnMDajug1UBdR3s="
    },
    "concat-stream": {
      "version": "2.0.0",
      "resolved": "https://registry.npmjs.org/concat-stream/-/concat-stream-2.0.0.tgz",
      "integrity": "sha512-MWufYdFw53ccGjCA+Ol7XJYpAlW6/prSMzuPOTRnJGcGzuhLn4Scrz7qf6o8bROZ514ltazcIFJZevcfbo0x7A==",
      "requires": {
        "buffer-from": "^1.0.0",
        "inherits": "^2.0.3",
        "readable-stream": "^3.0.2",
        "typedarray": "^0.0.6"
      }
    },
    "core-util-is": {
      "version": "1.0.2",
      "resolved": "https://registry.npmjs.org/core-util-is/-/core-util-is-1.0.2.tgz",
      "integrity": "sha1-tf1UIgqivFq1eqtxQMlAdUUDwac="
    },
    "debug": {
      "version": "4.3.1",
      "resolved": "https://registry.npmjs.org/debug/-/debug-4.3.1.tgz",
      "integrity": "sha512-doEwdvm4PCeK4K3RQN2ZC2BYUBaxwLARCqZmMjtF8a51J2Rb0xpVloFRnCODwqjpwnAoao4pelN8l3RJdv3gRQ==",
      "requires": {
        "ms": "2.1.2"
      }
    },
    "duplexify": {
      "version": "3.7.1",
      "resolved": "https://registry.npmjs.org/duplexify/-/duplexify-3.7.1.tgz",
      "integrity": "sha512-07z8uv2wMyS51kKhD1KsdXJg5WQ6t93RneqRxUHnskXVtlYYkLqM0gqStQZ3pj073g687jPCHrqNfCzawLYh5g==",
      "requires": {
        "end-of-stream": "^1.0.0",
        "inherits": "^2.0.1",
        "readable-stream": "^2.0.0",
        "stream-shift": "^1.0.0"
      },
      "dependencies": {
        "readable-stream": {
          "version": "2.3.7",
          "resolved": "https://registry.npmjs.org/readable-stream/-/readable-stream-2.3.7.tgz",
          "integrity": "sha512-Ebho8K4jIbHAxnuxi7o42OrZgF/ZTNcsZj6nRKyUmkhLFq8CHItp/fy6hQZuZmP/n3yZ9VBUbp4zz/mX8hmYPw==",
          "requires": {
            "core-util-is": "~1.0.0",
            "inherits": "~2.0.3",
            "isarray": "~1.0.0",
            "process-nextick-args": "~2.0.0",
            "safe-buffer": "~5.1.1",
            "string_decoder": "~1.1.1",
            "util-deprecate": "~1.0.1"
          }
        },
        "safe-buffer": {
          "version": "5.1.2",
          "resolved": "https://registry.npmjs.org/safe-buffer/-/safe-buffer-5.1.2.tgz",
          "integrity": "sha512-Gd2UZBJDkXlY7GbJxfsE8/nvKkUEU1G38c1siN6QP6a9PT9MmHB8GnpscSmMJSoF8LOIrt8ud/wPtojys4G6+g=="
        },
        "string_decoder": {
          "version": "1.1.1",
          "resolved": "https://registry.npmjs.org/string_decoder/-/string_decoder-1.1.1.tgz",
          "integrity": "sha512-n/ShnvDi6FHbbVfviro+WojiFzv+s8MPMHBczVePfUpDJLwoLT0ht1l4YwBCbi8pJAveEEdnkHyPyTP/mzRfwg==",
          "requires": {
            "safe-buffer": "~5.1.0"
          }
        }
      }
    },
    "end-of-stream": {
      "version": "1.4.4",
      "resolved": "https://registry.npmjs.org/end-of-stream/-/end-of-stream-1.4.4.tgz",
      "integrity": "sha512-+uw1inIHVPQoaVuHzRyXd21icM+cnt4CzD5rW+NC1wjOUSTOs+Te7FOv7AhN7vS9x/oIyhLP5PR1H+phQAHu5Q==",
      "requires": {
        "once": "^1.4.0"
      }
    },
    "extend": {
      "version": "3.0.2",
      "resolved": "https://registry.npmjs.org/extend/-/extend-3.0.2.tgz",
      "integrity": "sha512-fjquC59cD7CyW6urNXK0FBufkZcoiGG80wTuPujX590cB5Ttln20E2UB4S/WARVqhXffZl2LNgS+gQdPIIim/g=="
    },
    "fs.realpath": {
      "version": "1.0.0",
      "resolved": "https://registry.npmjs.org/fs.realpath/-/fs.realpath-1.0.0.tgz",
      "integrity": "sha1-FQStJSMVjKpA20onh8sBQRmU6k8="
    },
    "glob": {
      "version": "7.1.6",
      "resolved": "https://registry.npmjs.org/glob/-/glob-7.1.6.tgz",
      "integrity": "sha512-LwaxwyZ72Lk7vZINtNNrywX0ZuLyStrdDtabefZKAY5ZGJhVtgdznluResxNmPitE0SAO+O26sWTHeKSI2wMBA==",
      "requires": {
        "fs.realpath": "^1.0.0",
        "inflight": "^1.0.4",
        "inherits": "2",
        "minimatch": "^3.0.4",
        "once": "^1.3.0",
        "path-is-absolute": "^1.0.0"
      }
    },
    "glob-parent": {
      "version": "3.1.0",
      "resolved": "https://registry.npmjs.org/glob-parent/-/glob-parent-3.1.0.tgz",
      "integrity": "sha1-nmr2KZ2NO9K9QEMIMr0RPfkGxa4=",
      "requires": {
        "is-glob": "^3.1.0",
        "path-dirname": "^1.0.0"
      }
    },
    "glob-stream": {
      "version": "6.1.0",
      "resolved": "https://registry.npmjs.org/glob-stream/-/glob-stream-6.1.0.tgz",
      "integrity": "sha1-cEXJlBOz65SIjYOrRtC0BMx73eQ=",
      "requires": {
        "extend": "^3.0.0",
        "glob": "^7.1.1",
        "glob-parent": "^3.1.0",
        "is-negated-glob": "^1.0.0",
        "ordered-read-streams": "^1.0.0",
        "pumpify": "^1.3.5",
        "readable-stream": "^2.1.5",
        "remove-trailing-separator": "^1.0.1",
        "to-absolute-glob": "^2.0.0",
        "unique-stream": "^2.0.2"
      },
      "dependencies": {
        "readable-stream": {
          "version": "2.3.7",
          "resolved": "https://registry.npmjs.org/readable-stream/-/readable-stream-2.3.7.tgz",
          "integrity": "sha512-Ebho8K4jIbHAxnuxi7o42OrZgF/ZTNcsZj6nRKyUmkhLFq8CHItp/fy6hQZuZmP/n3yZ9VBUbp4zz/mX8hmYPw==",
          "requires": {
            "core-util-is": "~1.0.0",
            "inherits": "~2.0.3",
            "isarray": "~1.0.0",
            "process-nextick-args": "~2.0.0",
            "safe-buffer": "~5.1.1",
            "string_decoder": "~1.1.1",
            "util-deprecate": "~1.0.1"
          }
        },
        "safe-buffer": {
          "version": "5.1.2",
          "resolved": "https://registry.npmjs.org/safe-buffer/-/safe-buffer-5.1.2.tgz",
          "integrity": "sha512-Gd2UZBJDkXlY7GbJxfsE8/nvKkUEU1G38c1siN6QP6a9PT9MmHB8GnpscSmMJSoF8LOIrt8ud/wPtojys4G6+g=="
        },
        "string_decoder": {
          "version": "1.1.1",
          "resolved": "https://registry.npmjs.org/string_decoder/-/string_decoder-1.1.1.tgz",
          "integrity": "sha512-n/ShnvDi6FHbbVfviro+WojiFzv+s8MPMHBczVePfUpDJLwoLT0ht1l4YwBCbi8pJAveEEdnkHyPyTP/mzRfwg==",
          "requires": {
            "safe-buffer": "~5.1.0"
          }
        }
      }
    },
    "help-me": {
      "version": "1.1.0",
      "resolved": "https://registry.npmjs.org/help-me/-/help-me-1.1.0.tgz",
      "integrity": "sha1-jy1QjQYAtKRW2i8IZVbn5cBWo8Y=",
      "requires": {
        "callback-stream": "^1.0.2",
        "glob-stream": "^6.1.0",
        "through2": "^2.0.1",
        "xtend": "^4.0.0"
      }
    },
    "ieee754": {
      "version": "1.2.1",
      "resolved": "https://registry.npmjs.org/ieee754/-/ieee754-1.2.1.tgz",
      "integrity": "sha512-dcyqhDvX1C46lXZcVqCpK+FtMRQVdIMN6/Df5js2zouUsqG7I6sFxitIC+7KYK29KdXOLHdu9zL4sFnoVQnqaA=="
    },
    "inflight": {
      "version": "1.0.6",
      "resolved": "https://registry.npmjs.org/inflight/-/inflight-1.0.6.tgz",
      "integrity": "sha1-Sb1jMdfQLQwJvJEKEHW6gWW1bfk=",
      "requires": {
        "once": "^1.3.0",
        "wrappy": "1"
      }
    },
    "inherits": {
      "version": "2.0.4",
      "resolved": "https://registry.npmjs.org/inherits/-/inherits-2.0.4.tgz",
      "integrity": "sha512-k/vGaX4/Yla3WzyMCvTQOXYeIHvqOKtnqBduzTHpzpQZzAskKMhZ2K+EnBiSM9zGSoIFeMpXKxa4dYeZIQqewQ=="
    },
    "is-absolute": {
      "version": "1.0.0",
      "resolved": "https://registry.npmjs.org/is-absolute/-/is-absolute-1.0.0.tgz",
      "integrity": "sha512-dOWoqflvcydARa360Gvv18DZ/gRuHKi2NU/wU5X1ZFzdYfH29nkiNZsF3mp4OJ3H4yo9Mx8A/uAGNzpzPN3yBA==",
      "requires": {
        "is-relative": "^1.0.0",
        "is-windows": "^1.0.1"
      }
    },
    "is-extglob": {
      "version": "2.1.1",
      "resolved": "https://registry.npmjs.org/is-extglob/-/is-extglob-2.1.1.tgz",
      "integrity": "sha1-qIwCU1eR8C7TfHahueqXc8gz+MI="
    },
    "is-glob": {
      "version": "3.1.0",
      "resolved": "https://registry.npmjs.org/is-glob/-/is-glob-3.1.0.tgz",
      "integrity": "sha1-e6WuJCF4BKxwcHuWkiVnSGzD6Eo=",
      "requires": {
        "is-extglob": "^2.1.0"
      }
    },
    "is-negated-glob": {
      "version": "1.0.0",
      "resolved": "https://registry.npmjs.org/is-negated-glob/-/is-negated-glob-1.0.0.tgz",
      "integrity": "sha1-aRC8pdqMleeEtXUbl2z1oQ/uNtI="
    },
    "is-relative": {
      "version": "1.0.0",
      "resolved": "https://registry.npmjs.org/is-relative/-/is-relative-1.0.0.tgz",
      "integrity": "sha512-Kw/ReK0iqwKeu0MITLFuj0jbPAmEiOsIwyIXvvbfa6QfmN9pkD1M+8pdk7Rl/dTKbH34/XBFMbgD4iMJhLQbGA==",
      "requires": {
        "is-unc-path": "^1.0.0"
      }
    },
    "is-unc-path": {
      "version": "1.0.0",
      "resolved": "https://registry.npmjs.org/is-unc-path/-/is-unc-path-1.0.0.tgz",
      "integrity": "sha512-mrGpVd0fs7WWLfVsStvgF6iEJnbjDFZh9/emhRDcGWTduTfNHd9CHeUwH3gYIjdbwo4On6hunkztwOaAw0yllQ==",
      "requires": {
        "unc-path-regex": "^0.1.2"
      }
    },
    "is-windows": {
      "version": "1.0.2",
      "resolved": "https://registry.npmjs.org/is-windows/-/is-windows-1.0.2.tgz",
      "integrity": "sha512-eXK1UInq2bPmjyX6e3VHIzMLobc4J94i4AWn+Hpq3OU5KkrRC96OAcR3PRJ/pGu6m8TRnBHP9dkXQVsT/COVIA=="
    },
    "isarray": {
      "version": "1.0.0",
      "resolved": "https://registry.npmjs.org/isarray/-/isarray-1.0.0.tgz",
      "integrity": "sha1-u5NdSFgsuhaMBoNJV6VKPgcSTxE="
    },
    "json-stable-stringify-without-jsonify": {
      "version": "1.0.1",
      "resolved": "https://registry.npmjs.org/json-stable-stringify-without-jsonify/-/json-stable-stringify-without-jsonify-1.0.1.tgz",
      "integrity": "sha1-nbe1lJatPzz+8wp1FC0tkwrXJlE="
    },
    "leven": {
      "version": "2.1.0",
      "resolved": "https://registry.npmjs.org/leven/-/leven-2.1.0.tgz",
      "integrity": "sha1-wuep93IJTe6dNCAq6KzORoeHVYA="
    },
    "minimatch": {
      "version": "3.0.4",
      "resolved": "https://registry.npmjs.org/minimatch/-/minimatch-3.0.4.tgz",
      "integrity": "sha512-yJHVQEhyqPLUTgt9B83PXu6W3rx4MvvHvSUvToogpwoGDOUQ+yDrR0HRot+yOCdCO7u4hX3pWft6kWBBcqh0UA==",
      "requires": {
        "brace-expansion": "^1.1.7"
      }
    },
    "minimist": {
      "version": "1.2.5",
      "resolved": "https://registry.npmjs.org/minimist/-/minimist-1.2.5.tgz",
      "integrity": "sha512-FM9nNUYrRBAELZQT3xeZQ7fmMOBg6nWNmJKTcgsJeaLstP/UODVpGsr5OhXhhXg6f+qtJ8uiZ+PUxkDWcgIXLw=="
    },
    "mqtt": {
      "version": "4.2.6",
      "resolved": "https://registry.npmjs.org/mqtt/-/mqtt-4.2.6.tgz",
      "integrity": "sha512-GpxVObyOzL0CGPBqo6B04GinN8JLk12NRYAIkYvARd9ZCoJKevvOyCaWK6bdK/kFSDj3LPDnCsJbezzNlsi87Q==",
      "requires": {
        "commist": "^1.0.0",
        "concat-stream": "^2.0.0",
        "debug": "^4.1.1",
        "help-me": "^1.0.1",
        "inherits": "^2.0.3",
        "minimist": "^1.2.5",
        "mqtt-packet": "^6.6.0",
        "pump": "^3.0.0",
        "readable-stream": "^3.6.0",
        "reinterval": "^1.1.0",
        "split2": "^3.1.0",
        "ws": "^7.3.1",
        "xtend": "^4.0.2"
      }
    },
    "mqtt-packet": {
      "version": "6.9.0",
      "resolved": "https://registry.npmjs.org/mqtt-packet/-/mqtt-packet-6.9.0.tgz",
      "integrity": "sha512-cngFSAXWSl5XHKJYUQiYQjtp75zhf1vygY00NnJdhQoXOH2v3aizmaaMIHI5n1N/TJEHSAbHryQhFr3gJ9VNvA==",
      "requires": {
        "bl": "^4.0.2",
        "debug": "^4.1.1",
        "process-nextick-args": "^2.0.1"
      }
    },
    "ms": {
      "version": "2.1.2",
      "resolved": "https://registry.npmjs.org/ms/-/ms-2.1.2.tgz",
      "integrity": "sha512-sGkPx+VjMtmA6MX27oA4FBFELFCZZ4S4XqeGOXCv68tT+jb3vk/RyaKWP0PTKyWtmLSM0b+adUTEvbs1PEaH2w=="
    },
    "once": {
      "version": "1.4.0",
      "resolved": "https://registry.npmjs.org/once/-/once-1.4.0.tgz",
      "integrity": "sha1-WDsap3WWHUsROsF9nFC6753Xa9E=",
      "requires": {
        "wrappy": "1"
      }
    },
    "ordered-read-streams": {
      "version": "1.0.1",
      "resolved": "https://registry.npmjs.org/ordered-read-streams/-/ordered-read-streams-1.0.1.tgz",
      "integrity": "sha1-d8DLN8QVJdZBZtmQ/61+xqDhNj4=",
      "requires": {
        "readable-stream": "^2.0.1"
      },
      "dependencies": {
        "readable-stream": {
          "version": "2.3.7",
          "resolved": "https://registry.npmjs.org/readable-stream/-/readable-stream-2.3.7.tgz",
          "integrity": "sha512-Ebho8K4jIbHAxnuxi7o42OrZgF/ZTNcsZj6nRKyUmkhLFq8CHItp/fy6hQZuZmP/n3yZ9VBUbp4zz/mX8hmYPw==",
          "requires": {
            "core-util-is": "~1.0.0",
            "inherits": "~2.0.3",
            "isarray": "~1.0.0",
            "process-nextick-args": "~2.0.0",
            "safe-buffer": "~5.1.1",
            "string_decoder": "~1.1.1",
            "util-deprecate": "~1.0.1"
          }
        },
        "safe-buffer": {
          "version": "5.1.2",
          "resolved": "https://registry.npmjs.org/safe-buffer/-/safe-buffer-5.1.2.tgz",
          "integrity": "sha512-Gd2UZBJDkXlY7GbJxfsE8/nvKkUEU1G38c1siN6QP6a9PT9MmHB8GnpscSmMJSoF8LOIrt8ud/wPtojys4G6+g=="
        },
        "string_decoder": {
          "version": "1.1.1",
          "resolved": "https://registry.npmjs.org/string_decoder/-/string_decoder-1.1.1.tgz",
          "integrity": "sha512-n/ShnvDi6FHbbVfviro+WojiFzv+s8MPMHBczVePfUpDJLwoLT0ht1l4YwBCbi8pJAveEEdnkHyPyTP/mzRfwg==",
          "requires": {
            "safe-buffer": "~5.1.0"
          }
        }
      }
    },
    "path-dirname": {
      "version": "1.0.2",
      "resolved": "https://registry.npmjs.org/path-dirname/-/path-dirname-1.0.2.tgz",
      "integrity": "sha1-zDPSTVJeCZpTiMAzbG4yuRYGCeA="
    },
    "path-is-absolute": {
      "version": "1.0.1",
      "resolved": "https://registry.npmjs.org/path-is-absolute/-/path-is-absolute-1.0.1.tgz",
      "integrity": "sha1-F0uSaHNVNP+8es5r9TpanhtcX18="
    },
    "process-nextick-args": {
      "version": "2.0.1",
      "resolved": "https://registry.npmjs.org/process-nextick-args/-/process-nextick-args-2.0.1.tgz",
      "integrity": "sha512-3ouUOpQhtgrbOa17J7+uxOTpITYWaGP7/AhoR3+A+/1e9skrzelGi/dXzEYyvbxubEF6Wn2ypscTKiKJFFn1ag=="
    },
    "pump": {
      "version": "3.0.0",
      "resolved": "https://registry.npmjs.org/pump/-/pump-3.0.0.tgz",
      "integrity": "sha512-LwZy+p3SFs1Pytd/jYct4wpv49HiYCqd9Rlc5ZVdk0V+8Yzv6jR5Blk3TRmPL1ft69TxP0IMZGJ+WPFU2BFhww==",
      "requires": {
        "end-of-stream": "^1.1.0",
        "once": "^1.3.1"
      }
    },
    "pumpify": {
      "version": "1.5.1",
      "resolved": "https://registry.npmjs.org/pumpify/-/pumpify-1.5.1.tgz",
      "integrity": "sha512-oClZI37HvuUJJxSKKrC17bZ9Cu0ZYhEAGPsPUy9KlMUmv9dKX2o77RUmq7f3XjIxbwyGwYzbzQ1L2Ks8sIradQ==",
      "requires": {
        "duplexify": "^3.6.0",
        "inherits": "^2.0.3",
        "pump": "^2.0.0"
      },
      "dependencies": {
        "pump": {
          "version": "2.0.1",
          "resolved": "https://registry.npmjs.org/pump/-/pump-2.0.1.tgz",
          "integrity": "sha512-ruPMNRkN3MHP1cWJc9OWr+T/xDP0jhXYCLfJcBuX54hhfIBnaQmAUMfDcG4DM5UMWByBbJY69QSphm3jtDKIkA==",
          "requires": {
            "end-of-stream": "^1.1.0",
            "once": "^1.3.1"
          }
        }
      }
    },
    "readable-stream": {
      "version": "3.6.0",
      "resolved": "https://registry.npmjs.org/readable-stream/-/readable-stream-3.6.0.tgz",
      "integrity": "sha512-BViHy7LKeTz4oNnkcLJ+lVSL6vpiFeX6/d3oSH8zCW7UxP2onchk+vTGB143xuFjHS3deTgkKoXXymXqymiIdA==",
      "requires": {
        "inherits": "^2.0.3",
        "string_decoder": "^1.1.1",
        "util-deprecate": "^1.0.1"
      }
    },
    "reinterval": {
      "version": "1.1.0",
      "resolved": "https://registry.npmjs.org/reinterval/-/reinterval-1.1.0.tgz",
      "integrity": "sha1-M2Hs+jymwYKDOA3Qu5VG85D17Oc="
    },
    "remove-trailing-separator": {
      "version": "1.1.0",
      "resolved": "https://registry.npmjs.org/remove-trailing-separator/-/remove-trailing-separator-1.1.0.tgz",
      "integrity": "sha1-wkvOKig62tW8P1jg1IJJuSN52O8="
    },
    "safe-buffer": {
      "version": "5.2.1",
      "resolved": "https://registry.npmjs.org/safe-buffer/-/safe-buffer-5.2.1.tgz",
      "integrity": "sha512-rp3So07KcdmmKbGvgaNxQSJr7bGVSVk5S9Eq1F+ppbRo70+YeaDxkw5Dd8NPN+GD6bjnYm2VuPuCXmpuYvmCXQ=="
    },
    "split2": {
      "version": "3.2.2",
      "resolved": "https://registry.npmjs.org/split2/-/split2-3.2.2.tgz",
      "integrity": "sha512-9NThjpgZnifTkJpzTZ7Eue85S49QwpNhZTq6GRJwObb6jnLFNGB7Qm73V5HewTROPyxD0C29xqmaI68bQtV+hg==",
      "requires": {
        "readable-stream": "^3.0.0"
      }
    },
    "stream-shift": {
      "version": "1.0.1",
      "resolved": "https://registry.npmjs.org/stream-shift/-/stream-shift-1.0.1.tgz",
      "integrity": "sha512-AiisoFqQ0vbGcZgQPY1cdP2I76glaVA/RauYR4G4thNFgkTqr90yXTo4LYX60Jl+sIlPNHHdGSwo01AvbKUSVQ=="
    },
    "string_decoder": {
      "version": "1.3.0",
      "resolved": "https://registry.npmjs.org/string_decoder/-/string_decoder-1.3.0.tgz",
      "integrity": "sha512-hkRX8U1WjJFd8LsDJ2yQ/wWWxaopEsABU1XfkM8A+j0+85JAGppt16cr1Whg6KIbb4okU6Mql6BOj+uup/wKeA==",
      "requires": {
        "safe-buffer": "~5.2.0"
      }
    },
    "through2": {
      "version": "2.0.5",
      "resolved": "https://registry.npmjs.org/through2/-/through2-2.0.5.tgz",
      "integrity": "sha512-/mrRod8xqpA+IHSLyGCQ2s8SPHiCDEeQJSep1jqLYeEUClOFG2Qsh+4FU6G9VeqpZnGW/Su8LQGc4YKni5rYSQ==",
      "requires": {
        "readable-stream": "~2.3.6",
        "xtend": "~4.0.1"
      },
      "dependencies": {
        "readable-stream": {
          "version": "2.3.7",
          "resolved": "https://registry.npmjs.org/readable-stream/-/readable-stream-2.3.7.tgz",
          "integrity": "sha512-Ebho8K4jIbHAxnuxi7o42OrZgF/ZTNcsZj6nRKyUmkhLFq8CHItp/fy6hQZuZmP/n3yZ9VBUbp4zz/mX8hmYPw==",
          "requires": {
            "core-util-is": "~1.0.0",
            "inherits": "~2.0.3",
            "isarray": "~1.0.0",
            "process-nextick-args": "~2.0.0",
            "safe-buffer": "~5.1.1",
            "string_decoder": "~1.1.1",
            "util-deprecate": "~1.0.1"
          }
        },
        "safe-buffer": {
          "version": "5.1.2",
          "resolved": "https://registry.npmjs.org/safe-buffer/-/safe-buffer-5.1.2.tgz",
          "integrity": "sha512-Gd2UZBJDkXlY7GbJxfsE8/nvKkUEU1G38c1siN6QP6a9PT9MmHB8GnpscSmMJSoF8LOIrt8ud/wPtojys4G6+g=="
        },
        "string_decoder": {
          "version": "1.1.1",
          "resolved": "https://registry.npmjs.org/string_decoder/-/string_decoder-1.1.1.tgz",
          "integrity": "sha512-n/ShnvDi6FHbbVfviro+WojiFzv+s8MPMHBczVePfUpDJLwoLT0ht1l4YwBCbi8pJAveEEdnkHyPyTP/mzRfwg==",
          "requires": {
            "safe-buffer": "~5.1.0"
          }
        }
      }
    },
    "through2-filter": {
      "version": "3.0.0",
      "resolved": "https://registry.npmjs.org/through2-filter/-/through2-filter-3.0.0.tgz",
      "integrity": "sha512-jaRjI2WxN3W1V8/FMZ9HKIBXixtiqs3SQSX4/YGIiP3gL6djW48VoZq9tDqeCWs3MT8YY5wb/zli8VW8snY1CA==",
      "requires": {
        "through2": "~2.0.0",
        "xtend": "~4.0.0"
      }
    },
    "to-absolute-glob": {
      "version": "2.0.2",
      "resolved": "https://registry.npmjs.org/to-absolute-glob/-/to-absolute-glob-2.0.2.tgz",
      "integrity": "sha1-GGX0PZ50sIItufFFt4z/fQ98hJs=",
      "requires": {
        "is-absolute": "^1.0.0",
        "is-negated-glob": "^1.0.0"
      }
    },
    "typedarray": {
      "version": "0.0.6",
      "resolved": "https://registry.npmjs.org/typedarray/-/typedarray-0.0.6.tgz",
      "integrity": "sha1-hnrHTjhkGHsdPUfZlqeOxciDB3c="
    },
    "unc-path-regex": {
      "version": "0.1.2",
      "resolved": "https://registry.npmjs.org/unc-path-regex/-/unc-path-regex-0.1.2.tgz",
      "integrity": "sha1-5z3T17DXxe2G+6xrCufYxqadUPo="
    },
    "unique-stream": {
      "version": "2.3.1",
      "resolved": "https://registry.npmjs.org/unique-stream/-/unique-stream-2.3.1.tgz",
      "integrity": "sha512-2nY4TnBE70yoxHkDli7DMazpWiP7xMdCYqU2nBRO0UB+ZpEkGsSija7MvmvnZFUeC+mrgiUfcHSr3LmRFIg4+A==",
      "requires": {
        "json-stable-stringify-without-jsonify": "^1.0.1",
        "through2-filter": "^3.0.0"
      }
    },
    "util-deprecate": {
      "version": "1.0.2",
      "resolved": "https://registry.npmjs.org/util-deprecate/-/util-deprecate-1.0.2.tgz",
      "integrity": "sha1-RQ1Nyfpw3nMnYvvS1KKJgUGaDM8="
    },
    "wrappy": {
      "version": "1.0.2",
      "resolved": "https://registry.npmjs.org/wrappy/-/wrappy-1.0.2.tgz",
      "integrity": "sha1-tSQ9jz7BqjXxNkYFvA0QNuMKtp8="
    },
    "ws": {
      "version": "7.4.4",
      "resolved": "https://registry.npmjs.org/ws/-/ws-7.4.4.tgz",
      "integrity": "sha512-Qm8k8ojNQIMx7S+Zp8u/uHOx7Qazv3Yv4q68MiWWWOJhiwG5W3x7iqmRtJo8xxrciZUY4vRxUTJCKuRnF28ZZw=="
    },
    "xtend": {
      "version": "4.0.2",
      "resolved": "https://registry.npmjs.org/xtend/-/xtend-4.0.2.tgz",
      "integrity": "sha512-LKYU1iAXJXUgAXn9URjiu+MWhyUXHsvfp7mcuYm9dSUKK0/CjtrUwFAxD82/mCWbtLsGjFIad0wIsod4zrTAEQ=="
    }
  }
}
