{
  "name": "gladys-influxdb",
  "lockfileVersion": 2,
  "requires": true,
  "packages": {
    "": {
      "name": "gladys-influxdb",
      "cpu": [
        "x64",
        "arm",
        "arm64"
      ],
      "os": [
        "darwin",
        "linux",
        "win32"
      ],
      "dependencies": {
        "@influxdata/influxdb-client": "^1.32.0",
        "@influxdata/influxdb-client-apis": "^1.32.0"
      }
    },
    "node_modules/@influxdata/influxdb-client": {
      "version": "1.32.0",
      "resolved": "https://registry.npmjs.org/@influxdata/influxdb-client/-/influxdb-client-1.32.0.tgz",
      "integrity": "sha512-TNKpDGYoBD3bZKn9xySeMiu6NcRKsJ8hPkmiCzYl/C6ur8DWlWfiZkviEdzabyhKC83EjarQSzhlJ2wvnIK9yg=="
    },
    "node_modules/@influxdata/influxdb-client-apis": {
      "version": "1.32.0",
      "resolved": "https://registry.npmjs.org/@influxdata/influxdb-client-apis/-/influxdb-client-apis-1.32.0.tgz",
      "integrity": "sha512-x3z7GwZIIWAPbKNAv/J0xT0b4J6wKR2TDnVU3eugc9LX3vvKYcWbYWlpWZn1t8MSRphCZX4CnEWjVuU0IPjynQ==",
      "peerDependencies": {
        "@influxdata/influxdb-client": "*"
      }
    }
  },
  "dependencies": {
    "@influxdata/influxdb-client": {
      "version": "1.32.0",
      "resolved": "https://registry.npmjs.org/@influxdata/influxdb-client/-/influxdb-client-1.32.0.tgz",
      "integrity": "sha512-TNKpDGYoBD3bZKn9xySeMiu6NcRKsJ8hPkmiCzYl/C6ur8DWlWfiZkviEdzabyhKC83EjarQSzhlJ2wvnIK9yg=="
    },
    "@influxdata/influxdb-client-apis": {
      "version": "1.32.0",
      "resolved": "https://registry.npmjs.org/@influxdata/influxdb-client-apis/-/influxdb-client-apis-1.32.0.tgz",
      "integrity": "sha512-x3z7GwZIIWAPbKNAv/J0xT0b4J6wKR2TDnVU3eugc9LX3vvKYcWbYWlpWZn1t8MSRphCZX4CnEWjVuU0IPjynQ==",
      "requires": {}
    }
  }
}
